
Microsoft Visual Studio Solution File, Format Version 12.00
# Visual Studio Version 17
VisualStudioVersion = 17.10.34916.146
MinimumVisualStudioVersion = 10.0.40219.1
Project("{FAE04EC0-301F-11D3-BF4B-00C04F79EFBC}") = "May2024TurnUpPortal", "May2024TurnUpPortal.csproj", "{04A90B76-1A17-485B-938F-3145A95C9670}"
EndProject
Global
	GlobalSection(SolutionConfigurationPlatforms) = preSolution
		Debug|Any CPU = Debug|Any CPU
		Release|Any CPU = Release|Any CPU
	EndGlobalSection
	GlobalSection(ProjectConfigurationPlatforms) = postSolution
		{04A90B76-1A17-485B-938F-3145A95C9670}.Debug|Any CPU.ActiveCfg = Debug|Any CPU
		{04A90B76-1A17-485B-938F-3145A95C9670}.Debug|Any CPU.Build.0 = Debug|Any CPU
		{04A90B76-1A17-485B-938F-3145A95C9670}.Release|Any CPU.ActiveCfg = Release|Any CPU
		{04A90B76-1A17-485B-938F-3145A95C9670}.Release|Any CPU.Build.0 = Release|Any CPU
	EndGlobalSection
	GlobalSection(SolutionProperties) = preSolution
		HideSolutionNode = FALSE
	EndGlobalSection
	GlobalSection(ExtensibilityGlobals) = postSolution
		SolutionGuid = {EBDB0092-C984-4164-BAC4-E2FECDD87A8C}
	EndGlobalSection
EndGlobal
